<Solution>
  <Folder Name="/Solution Items/">
    <File Path=".gitattributes" />
    <File Path=".gitignore" />
    <File Path="Icon.png" />
    <File Path="LICENSE" />
    <File Path="Metalsharp.png" />
    <File Path="README.md" />
  </Folder>
  <Project Path="src/Metalsharp.Tests/Metalsharp.Tests.csproj" />
  <Project Path="src/Metalsharp/Metalsharp.csproj" />
</Solution>
